
Microsoft Visual Studio Solution File, Format Version 12.00
# Visual Studio 15
VisualStudioVersion = 15.0.28307.539
MinimumVisualStudioVersion = 10.0.40219.1
Project("{FAE04EC0-301F-11D3-BF4B-00C04F79EFBC}") = "KhoaLuan", "KhoaLuan\KhoaLuan.csproj", "{8CCB15F3-313B-47FE-9653-099C4FC64CFE}"
EndProject
Global
	GlobalSection(SolutionConfigurationPlatforms) = preSolution
		Debug|Any CPU = Debug|Any CPU
		Release|Any CPU = Release|Any CPU
	EndGlobalSection
	GlobalSection(ProjectConfigurationPlatforms) = postSolution
		{8CCB15F3-313B-47FE-9653-099C4FC64CFE}.Debug|Any CPU.ActiveCfg = Debug|Any CPU
		{8CCB15F3-313B-47FE-9653-099C4FC64CFE}.Debug|Any CPU.Build.0 = Debug|Any CPU
		{8CCB15F3-313B-47FE-9653-099C4FC64CFE}.Release|Any CPU.ActiveCfg = Release|Any CPU
		{8CCB15F3-313B-47FE-9653-099C4FC64CFE}.Release|Any CPU.Build.0 = Release|Any CPU
	EndGlobalSection
	GlobalSection(SolutionProperties) = preSolution
		HideSolutionNode = FALSE
	EndGlobalSection
	GlobalSection(ExtensibilityGlobals) = postSolution
		SolutionGuid = {C6C02A6F-F7F2-4ED5-9304-CDB10D7B0567}
	EndGlobalSection
EndGlobal
